// !$*UTF8*$!
{
	archiveVersion = 1;
	classes = {
	};
	objectVersion = 55;
	objects = {

/* Begin PBXBuildFile section */
		30320DEF281A78AD0032E4A8 /* DetailViewController.swift in Sources */ = {isa = PBXBuildFile; fileRef = 30320DEE281A78AD0032E4A8 /* DetailViewController.swift */; };
		30320DF3281A990C0032E4A8 /* ModalAddController.swift in Sources */ = {isa = PBXBuildFile; fileRef = 30320DF2281A990C0032E4A8 /* ModalAddController.swift */; };
		30320DF6281AF3F80032E4A8 /* ModalAdd.storyboard in Resources */ = {isa = PBXBuildFile; fileRef = 30320DF4281AF3F80032E4A8 /* ModalAdd.storyboard */; };
		30320DF9281AF7F80032E4A8 /* DetailVC.storyboard in Resources */ = {isa = PBXBuildFile; fileRef = 30320DF8281AF7F80032E4A8 /* DetailVC.storyboard */; };
		30337257281A34D000D52F7B /* AppDelegate.swift in Sources */ = {isa = PBXBuildFile; fileRef = 30337256281A34D000D52F7B /* AppDelegate.swift */; };
		30337259281A34D000D52F7B /* SceneDelegate.swift in Sources */ = {isa = PBXBuildFile; fileRef = 30337258281A34D000D52F7B /* SceneDelegate.swift */; };
		3033725B281A34D000D52F7B /* ViewController.swift in Sources */ = {isa = PBXBuildFile; fileRef = 3033725A281A34D000D52F7B /* ViewController.swift */; };
		3033725E281A34D000D52F7B /* Main.storyboard in Resources */ = {isa = PBXBuildFile; fileRef = 3033725C281A34D000D52F7B /* Main.storyboard */; };
		30337260281A34D100D52F7B /* Assets.xcassets in Resources */ = {isa = PBXBuildFile; fileRef = 3033725F281A34D100D52F7B /* Assets.xcassets */; };
		30337263281A34D100D52F7B /* LaunchScreen.storyboard in Resources */ = {isa = PBXBuildFile; fileRef = 30337261281A34D100D52F7B /* LaunchScreen.storyboard */; };
		30367082281D14C800B30A87 /* BooksAppCoreData.xcdatamodeld in Sources */ = {isa = PBXBuildFile; fileRef = 30367080281D14C800B30A87 /* BooksAppCoreData.xcdatamodeld */; };
		3084B6E22828135A0097DB30 /* Books+CoreDataClass.swift in Sources */ = {isa = PBXBuildFile; fileRef = 3084B6E02828135A0097DB30 /* Books+CoreDataClass.swift */; };
		3084B6E32828135A0097DB30 /* Books+CoreDataProperties.swift in Sources */ = {isa = PBXBuildFile; fileRef = 3084B6E12828135A0097DB30 /* Books+CoreDataProperties.swift */; };
/* End PBXBuildFile section */

/* Begin PBXFileReference section */
		30320DEE281A78AD0032E4A8 /* DetailViewController.swift */ = {isa = PBXFileReference; lastKnownFileType = sourcecode.swift; path = DetailViewController.swift; sourceTree = "<group>"; };
		30320DF2281A990C0032E4A8 /* ModalAddController.swift */ = {isa = PBXFileReference; lastKnownFileType = sourcecode.swift; path = ModalAddController.swift; sourceTree = "<group>"; };
		30320DF5281AF3F80032E4A8 /* Base */ = {isa = PBXFileReference; lastKnownFileType = file.storyboard; name = Base; path = bookShelf/Base.lproj/ModalAdd.storyboard; sourceTree = "<group>"; };
		30320DF8281AF7F80032E4A8 /* DetailVC.storyboard */ = {isa = PBXFileReference; fileEncoding = 4; lastKnownFileType = file.storyboard; path = DetailVC.storyboard; sourceTree = "<group>"; };
		30337253281A34D000D52F7B /* bookShelf.app */ = {isa = PBXFileReference; explicitFileType = wrapper.application; includeInIndex = 0; path = bookShelf.app; sourceTree = BUILT_PRODUCTS_DIR; };
		30337256281A34D000D52F7B /* AppDelegate.swift */ = {isa = PBXFileReference; lastKnownFileType = sourcecode.swift; path = AppDelegate.swift; sourceTree = "<group>"; };
		30337258281A34D000D52F7B /* SceneDelegate.swift */ = {isa = PBXFileReference; lastKnownFileType = sourcecode.swift; path = SceneDelegate.swift; sourceTree = "<group>"; };
		3033725A281A34D000D52F7B /* ViewController.swift */ = {isa = PBXFileReference; lastKnownFileType = sourcecode.swift; path = ViewController.swift; sourceTree = "<group>"; };
		3033725D281A34D000D52F7B /* Base */ = {isa = PBXFileReference; lastKnownFileType = file.storyboard; name = Base; path = Base.lproj/Main.storyboard; sourceTree = "<group>"; };
		3033725F281A34D100D52F7B /* Assets.xcassets */ = {isa = PBXFileReference; lastKnownFileType = folder.assetcatalog; path = Assets.xcassets; sourceTree = "<group>"; };
		30337262281A34D100D52F7B /* Base */ = {isa = PBXFileReference; lastKnownFileType = file.storyboard; name = Base; path = Base.lproj/LaunchScreen.storyboard; sourceTree = "<group>"; };
		30337264281A34D100D52F7B /* Info.plist */ = {isa = PBXFileReference; lastKnownFileType = text.plist.xml; path = Info.plist; sourceTree = "<group>"; };
		30367081281D14C800B30A87 /* Books.xcdatamodel */ = {isa = PBXFileReference; lastKnownFileType = wrapper.xcdatamodel; path = Books.xcdatamodel; sourceTree = "<group>"; };
		3084B6E02828135A0097DB30 /* Books+CoreDataClass.swift */ = {isa = PBXFileReference; lastKnownFileType = sourcecode.swift; path = "Books+CoreDataClass.swift"; sourceTree = "<group>"; };
		3084B6E12828135A0097DB30 /* Books+CoreDataProperties.swift */ = {isa = PBXFileReference; lastKnownFileType = sourcecode.swift; path = "Books+CoreDataProperties.swift"; sourceTree = "<group>"; };
/* End PBXFileReference section */

/* Begin PBXFrameworksBuildPhase section */
		30337250281A34D000D52F7B /* Frameworks */ = {
			isa = PBXFrameworksBuildPhase;
			buildActionMask = 2147483647;
			files = (
			);
			runOnlyForDeploymentPostprocessing = 0;
		};
/* End PBXFrameworksBuildPhase section */

/* Begin PBXGroup section */
		30320DF7281AF5DC0032E4A8 /* ModallAdd */ = {
			isa = PBXGroup;
			children = (
				30320DF4281AF3F80032E4A8 /* ModalAdd.storyboard */,
				30320DF2281A990C0032E4A8 /* ModalAddController.swift */,
			);
			path = ModallAdd;
			sourceTree = "<group>";
		};
		30320DFA281AF7FE0032E4A8 /* DetailVc */ = {
			isa = PBXGroup;
			children = (
				30320DF8281AF7F80032E4A8 /* DetailVC.storyboard */,
				30320DEE281A78AD0032E4A8 /* DetailViewController.swift */,
			);
			path = DetailVc;
			sourceTree = "<group>";
		};
		3033724A281A34CF00D52F7B = {
			isa = PBXGroup;
			children = (
				30337255281A34D000D52F7B /* bookShelf */,
				30337254281A34D000D52F7B /* Products */,
			);
			sourceTree = "<group>";
		};
		30337254281A34D000D52F7B /* Products */ = {
			isa = PBXGroup;
			children = (
				30337253281A34D000D52F7B /* bookShelf.app */,
			);
			name = Products;
			sourceTree = "<group>";
		};
		30337255281A34D000D52F7B /* bookShelf */ = {
			isa = PBXGroup;
			children = (
				30337256281A34D000D52F7B /* AppDelegate.swift */,
				30337258281A34D000D52F7B /* SceneDelegate.swift */,
				3033725A281A34D000D52F7B /* ViewController.swift */,
				3033725C281A34D000D52F7B /* Main.storyboard */,
				30320DFA281AF7FE0032E4A8 /* DetailVc */,
				30320DF7281AF5DC0032E4A8 /* ModallAdd */,
				30367085281D1A5600B30A87 /* CoreDataFile */,
				3033725F281A34D100D52F7B /* Assets.xcassets */,
				30337261281A34D100D52F7B /* LaunchScreen.storyboard */,
				30337264281A34D100D52F7B /* Info.plist */,
			);
			path = bookShelf;
			sourceTree = "<group>";
		};
		30367085281D1A5600B30A87 /* CoreDataFile */ = {
			isa = PBXGroup;
			children = (
				3084B6E02828135A0097DB30 /* Books+CoreDataClass.swift */,
				3084B6E12828135A0097DB30 /* Books+CoreDataProperties.swift */,
				30367080281D14C800B30A87 /* BooksAppCoreData.xcdatamodeld */,
			);
			path = CoreDataFile;
			sourceTree = "<group>";
		};
/* End PBXGroup section */

/* Begin PBXNativeTarget section */
		30337252281A34D000D52F7B /* bookShelf */ = {
			isa = PBXNativeTarget;
			buildConfigurationList = 30337267281A34D100D52F7B /* Build configuration list for PBXNativeTarget "bookShelf" */;
			buildPhases = (
				3033724F281A34D000D52F7B /* Sources */,
				30337250281A34D000D52F7B /* Frameworks */,
				30337251281A34D000D52F7B /* Resources */,
			);
			buildRules = (
			);
			dependencies = (
			);
			name = bookShelf;
			productName = bookShelf;
			productReference = 30337253281A34D000D52F7B /* bookShelf.app */;
			productType = "com.apple.product-type.application";
		};
/* End PBXNativeTarget section */

/* Begin PBXProject section */
		3033724B281A34CF00D52F7B /* Project object */ = {
			isa = PBXProject;
			attributes = {
				BuildIndependentTargetsInParallel = 1;
				LastSwiftUpdateCheck = 1330;
				LastUpgradeCheck = 1330;
				TargetAttributes = {
					30337252281A34D000D52F7B = {
						CreatedOnToolsVersion = 13.3.1;
					};
				};
			};
			buildConfigurationList = 3033724E281A34CF00D52F7B /* Build configuration list for PBXProject "bookShelf" */;
			compatibilityVersion = "Xcode 13.0";
			developmentRegion = en;
			hasScannedForEncodings = 0;
			knownRegions = (
				en,
				Base,
			);
			mainGroup = 3033724A281A34CF00D52F7B;
			productRefGroup = 30337254281A34D000D52F7B /* Products */;
			projectDirPath = "";
			projectRoot = "";
			targets = (
				30337252281A34D000D52F7B /* bookShelf */,
			);
		};
/* End PBXProject section */

/* Begin PBXResourcesBuildPhase section */
		30337251281A34D000D52F7B /* Resources */ = {
			isa = PBXResourcesBuildPhase;
			buildActionMask = 2147483647;
			files = (
				30320DF9281AF7F80032E4A8 /* DetailVC.storyboard in Resources */,
				30320DF6281AF3F80032E4A8 /* ModalAdd.storyboard in Resources */,
				30337263281A34D100D52F7B /* LaunchScreen.storyboard in Resources */,
				30337260281A34D100D52F7B /* Assets.xcassets in Resources */,
				3033725E281A34D000D52F7B /* Main.storyboard in Resources */,
			);
			runOnlyForDeploymentPostprocessing = 0;
		};
/* End PBXResourcesBuildPhase section */

/* Begin PBXSourcesBuildPhase section */
		3033724F281A34D000D52F7B /* Sources */ = {
			isa = PBXSourcesBuildPhase;
			buildActionMask = 2147483647;
			files = (
				30320DF3281A990C0032E4A8 /* ModalAddController.swift in Sources */,
				3033725B281A34D000D52F7B /* ViewController.swift in Sources */,
				30320DEF281A78AD0032E4A8 /* DetailViewController.swift in Sources */,
				30337257281A34D000D52F7B /* AppDelegate.swift in Sources */,
				30337259281A34D000D52F7B /* SceneDelegate.swift in Sources */,
				3084B6E32828135A0097DB30 /* Books+CoreDataProperties.swift in Sources */,
				3084B6E22828135A0097DB30 /* Books+CoreDataClass.swift in Sources */,
				30367082281D14C800B30A87 /* BooksAppCoreData.xcdatamodeld in Sources */,
			);
			runOnlyForDeploymentPostprocessing = 0;
		};
/* End PBXSourcesBuildPhase section */

/* Begin PBXVariantGroup section */
		30320DF4281AF3F80032E4A8 /* ModalAdd.storyboard */ = {
			isa = PBXVariantGroup;
			children = (
				30320DF5281AF3F80032E4A8 /* Base */,
			);
			name = ModalAdd.storyboard;
			sourceTree = "<group>";
		};
		3033725C281A34D000D52F7B /* Main.storyboard */ = {
			isa = PBXVariantGroup;
			children = (
				3033725D281A34D000D52F7B /* Base */,
			);
			name = Main.storyboard;
			sourceTree = "<group>";
		};
		30337261281A34D100D52F7B /* LaunchScreen.storyboard */ = {
			isa = PBXVariantGroup;
			children = (
				30337262281A34D100D52F7B /* Base */,
			);
			name = LaunchScreen.storyboard;
			sourceTree = "<group>";
		};
/* End PBXVariantGroup section */

/* Begin XCBuildConfiguration section */
		30337265281A34D100D52F7B /* Debug */ = {
			isa = XCBuildConfiguration;
			buildSettings = {
				ALWAYS_SEARCH_USER_PATHS = NO;
				CLANG_ANALYZER_NONNULL = YES;
				CLANG_ANALYZER_NUMBER_OBJECT_CONVERSION = YES_AGGRESSIVE;
				CLANG_CXX_LANGUAGE_STANDARD = "gnu++17";
				CLANG_ENABLE_MODULES = YES;
				CLANG_ENABLE_OBJC_ARC = YES;
				CLANG_ENABLE_OBJC_WEAK = YES;
				CLANG_WARN_BLOCK_CAPTURE_AUTORELEASING = YES;
				CLANG_WARN_BOOL_CONVERSION = YES;
				CLANG_WARN_COMMA = YES;
				CLANG_WARN_CONSTANT_CONVERSION = YES;
				CLANG_WARN_DEPRECATED_OBJC_IMPLEMENTATIONS = YES;
				CLANG_WARN_DIRECT_OBJC_ISA_USAGE = YES_ERROR;
				CLANG_WARN_DOCUMENTATION_COMMENTS = YES;
				CLANG_WARN_EMPTY_BODY = YES;
				CLANG_WARN_ENUM_CONVERSION = YES;
				CLANG_WARN_INFINITE_RECURSION = YES;
				CLANG_WARN_INT_CONVERSION = YES;
				CLANG_WARN_NON_LITERAL_NULL_CONVERSION = YES;
				CLANG_WARN_OBJC_IMPLICIT_RETAIN_SELF = YES;
				CLANG_WARN_OBJC_LITERAL_CONVERSION = YES;
				CLANG_WARN_OBJC_ROOT_CLASS = YES_ERROR;
				CLANG_WARN_QUOTED_INCLUDE_IN_FRAMEWORK_HEADER = YES;
				CLANG_WARN_RANGE_LOOP_ANALYSIS = YES;
				CLANG_WARN_STRICT_PROTOTYPES = YES;
				CLANG_WARN_SUSPICIOUS_MOVE = YES;
				CLANG_WARN_UNGUARDED_AVAILABILITY = YES_AGGRESSIVE;
				CLANG_WARN_UNREACHABLE_CODE = YES;
				CLANG_WARN__DUPLICATE_METHOD_MATCH = YES;
				COPY_PHASE_STRIP = NO;
				DEBUG_INFORMATION_FORMAT = dwarf;
				ENABLE_STRICT_OBJC_MSGSEND = YES;
				ENABLE_TESTABILITY = YES;
				GCC_C_LANGUAGE_STANDARD = gnu11;
				GCC_DYNAMIC_NO_PIC = NO;
				GCC_NO_COMMON_BLOCKS = YES;
				GCC_OPTIMIZATION_LEVEL = 0;
				GCC_PREPROCESSOR_DEFINITIONS = (
					"DEBUG=1",
					"$(inherited)",
				);
				GCC_WARN_64_TO_32_BIT_CONVERSION = YES;
				GCC_WARN_ABOUT_RETURN_TYPE = YES_ERROR;
				GCC_WARN_UNDECLARED_SELECTOR = YES;
				GCC_WARN_UNINITIALIZED_AUTOS = YES_AGGRESSIVE;
				GCC_WARN_UNUSED_FUNCTION = YES;
				GCC_WARN_UNUSED_VARIABLE = YES;
				IPHONEOS_DEPLOYMENT_TARGET = 15.4;
				MTL_ENABLE_DEBUG_INFO = INCLUDE_SOURCE;
				MTL_FAST_MATH = YES;
				ONLY_ACTIVE_ARCH = YES;
				SDKROOT = iphoneos;
				SWIFT_ACTIVE_COMPILATION_CONDITIONS = DEBUG;
				SWIFT_OPTIMIZATION_LEVEL = "-Onone";
			};
			name = Debug;
		};
		30337266281A34D100D52F7B /* Release */ = {
			isa = XCBuildConfiguration;
			buildSettings = {
				ALWAYS_SEARCH_USER_PATHS = NO;
				CLANG_ANALYZER_NONNULL = YES;
				CLANG_ANALYZER_NUMBER_OBJECT_CONVERSION = YES_AGGRESSIVE;
				CLANG_CXX_LANGUAGE_STANDARD = "gnu++17";
				CLANG_ENABLE_MODULES = YES;
				CLANG_ENABLE_OBJC_ARC = YES;
				CLANG_ENABLE_OBJC_WEAK = YES;
				CLANG_WARN_BLOCK_CAPTURE_AUTORELEASING = YES;
				CLANG_WARN_BOOL_CONVERSION = YES;
				CLANG_WARN_COMMA = YES;
				CLANG_WARN_CONSTANT_CONVERSION = YES;
				CLANG_WARN_DEPRECATED_OBJC_IMPLEMENTATIONS = YES;
				CLANG_WARN_DIRECT_OBJC_ISA_USAGE = YES_ERROR;
				CLANG_WARN_DOCUMENTATION_COMMENTS = YES;
				CLANG_WARN_EMPTY_BODY = YES;
				CLANG_WARN_ENUM_CONVERSION = YES;
				CLANG_WARN_INFINITE_RECURSION = YES;
				CLANG_WARN_INT_CONVERSION = YES;
				CLANG_WARN_NON_LITERAL_NULL_CONVERSION = YES;
				CLANG_WARN_OBJC_IMPLICIT_RETAIN_SELF = YES;
				CLANG_WARN_OBJC_LITERAL_CONVERSION = YES;
				CLANG_WARN_OBJC_ROOT_CLASS = YES_ERROR;
				CLANG_WARN_QUOTED_INCLUDE_IN_FRAMEWORK_HEADER = YES;
				CLANG_WARN_RANGE_LOOP_ANALYSIS = YES;
				CLANG_WARN_STRICT_PROTOTYPES = YES;
				CLANG_WARN_SUSPICIOUS_MOVE = YES;
				CLANG_WARN_UNGUARDED_AVAILABILITY = YES_AGGRESSIVE;
				CLANG_WARN_UNREACHABLE_CODE = YES;
				CLANG_WARN__DUPLICATE_METHOD_MATCH = YES;
				COPY_PHASE_STRIP = NO;
				DEBUG_INFORMATION_FORMAT = "dwarf-with-dsym";
				ENABLE_NS_ASSERTIONS = NO;
				ENABLE_STRICT_OBJC_MSGSEND = YES;
				GCC_C_LANGUAGE_STANDARD = gnu11;
				GCC_NO_COMMON_BLOCKS = YES;
				GCC_WARN_64_TO_32_BIT_CONVERSION = YES;
				GCC_WARN_ABOUT_RETURN_TYPE = YES_ERROR;
				GCC_WARN_UNDECLARED_SELECTOR = YES;
				GCC_WARN_UNINITIALIZED_AUTOS = YES_AGGRESSIVE;
				GCC_WARN_UNUSED_FUNCTION = YES;
				GCC_WARN_UNUSED_VARIABLE = YES;
				IPHONEOS_DEPLOYMENT_TARGET = 15.4;
				MTL_ENABLE_DEBUG_INFO = NO;
				MTL_FAST_MATH = YES;
				SDKROOT = iphoneos;
				SWIFT_COMPILATION_MODE = wholemodule;
				SWIFT_OPTIMIZATION_LEVEL = "-O";
				VALIDATE_PRODUCT = YES;
			};
			name = Release;
		};
		30337268281A34D100D52F7B /* Debug */ = {
			isa = XCBuildConfiguration;
			buildSettings = {
				ASSETCATALOG_COMPILER_APPICON_NAME = AppIcon;
				ASSETCATALOG_COMPILER_GLOBAL_ACCENT_COLOR_NAME = AccentColor;
				ASSETCATALOG_COMPILER_INCLUDE_ALL_APPICON_ASSETS = YES;
				CODE_SIGN_STYLE = Automatic;
				CURRENT_PROJECT_VERSION = 1;
				DEVELOPMENT_TEAM = 2RNK62DS26;
				GENERATE_INFOPLIST_FILE = YES;
				INFOPLIST_FILE = bookShelf/Info.plist;
				INFOPLIST_KEY_CFBundleDisplayName = bookShelf;
				INFOPLIST_KEY_UIApplicationSupportsIndirectInputEvents = YES;
				INFOPLIST_KEY_UILaunchStoryboardName = LaunchScreen;
				INFOPLIST_KEY_UIMainStoryboardFile = Main;
				INFOPLIST_KEY_UISupportedInterfaceOrientations_iPad = "UIInterfaceOrientationPortrait UIInterfaceOrientationPortraitUpsideDown UIInterfaceOrientationLandscapeLeft UIInterfaceOrientationLandscapeRight";
				INFOPLIST_KEY_UISupportedInterfaceOrientations_iPhone = "UIInterfaceOrientationPortrait UIInterfaceOrientationLandscapeLeft UIInterfaceOrientationLandscapeRight";
				LD_RUNPATH_SEARCH_PATHS = (
					"$(inherited)",
					"@executable_path/Frameworks",
				);
				MARKETING_VERSION = 1.0;
				PRODUCT_BUNDLE_IDENTIFIER = AgungDavin.bookShelf;
				PRODUCT_NAME = "$(TARGET_NAME)";
				SWIFT_EMIT_LOC_STRINGS = YES;
				SWIFT_VERSION = 5.0;
				TARGETED_DEVICE_FAMILY = "1,2";
			};
			name = Debug;
		};
		30337269281A34D100D52F7B /* Release */ = {
			isa = XCBuildConfiguration;
			buildSettings = {
				ASSETCATALOG_COMPILER_APPICON_NAME = AppIcon;
				ASSETCATALOG_COMPILER_GLOBAL_ACCENT_COLOR_NAME = AccentColor;
				ASSETCATALOG_COMPILER_INCLUDE_ALL_APPICON_ASSETS = YES;
				CODE_SIGN_STYLE = Automatic;
				CURRENT_PROJECT_VERSION = 1;
				DEVELOPMENT_TEAM = 2RNK62DS26;
				GENERATE_INFOPLIST_FILE = YES;
				INFOPLIST_FILE = bookShelf/Info.plist;
				INFOPLIST_KEY_CFBundleDisplayName = bookShelf;
				INFOPLIST_KEY_UIApplicationSupportsIndirectInputEvents = YES;
				INFOPLIST_KEY_UILaunchStoryboardName = LaunchScreen;
				INFOPLIST_KEY_UIMainStoryboardFile = Main;
				INFOPLIST_KEY_UISupportedInterfaceOrientations_iPad = "UIInterfaceOrientationPortrait UIInterfaceOrientationPortraitUpsideDown UIInterfaceOrientationLandscapeLeft UIInterfaceOrientationLandscapeRight";
				INFOPLIST_KEY_UISupportedInterfaceOrientations_iPhone = "UIInterfaceOrientationPortrait UIInterfaceOrientationLandscapeLeft UIInterfaceOrientationLandscapeRight";
				LD_RUNPATH_SEARCH_PATHS = (
					"$(inherited)",
					"@executable_path/Frameworks",
				);
				MARKETING_VERSION = 1.0;
				PRODUCT_BUNDLE_IDENTIFIER = AgungDavin.bookShelf;
				PRODUCT_NAME = "$(TARGET_NAME)";
				SWIFT_EMIT_LOC_STRINGS = YES;
				SWIFT_VERSION = 5.0;
				TARGETED_DEVICE_FAMILY = "1,2";
			};
			name = Release;
		};
/* End XCBuildConfiguration section */

/* Begin XCConfigurationList section */
		3033724E281A34CF00D52F7B /* Build configuration list for PBXProject "bookShelf" */ = {
			isa = XCConfigurationList;
			buildConfigurations = (
				30337265281A34D100D52F7B /* Debug */,
				30337266281A34D100D52F7B /* Release */,
			);
			defaultConfigurationIsVisible = 0;
			defaultConfigurationName = Release;
		};
		30337267281A34D100D52F7B /* Build configuration list for PBXNativeTarget "bookShelf" */ = {
			isa = XCConfigurationList;
			buildConfigurations = (
				30337268281A34D100D52F7B /* Debug */,
				30337269281A34D100D52F7B /* Release */,
			);
			defaultConfigurationIsVisible = 0;
			defaultConfigurationName = Release;
		};
/* End XCConfigurationList section */

/* Begin XCVersionGroup section */
		30367080281D14C800B30A87 /* BooksAppCoreData.xcdatamodeld */ = {
			isa = XCVersionGroup;
			children = (
				30367081281D14C800B30A87 /* Books.xcdatamodel */,
			);
			currentVersion = 30367081281D14C800B30A87 /* Books.xcdatamodel */;
			path = BooksAppCoreData.xcdatamodeld;
			sourceTree = "<group>";
			versionGroupType = wrapper.xcdatamodel;
		};
/* End XCVersionGroup section */
	};
	rootObject = 3033724B281A34CF00D52F7B /* Project object */;
}
